// !$*UTF8*$!
{
	archiveVersion = 1;
	classes = {
	};
	objectVersion = 56;
	objects = {

/* Begin PBXBuildFile section */
		362AC2BC2A0CEC8E00262E23 /* CategoryItem.swift in Sources */ = {isa = PBXBuildFile; fileRef = 362AC2B92A0CEC8E00262E23 /* CategoryItem.swift */; };
		362AC2BD2A0CEC8E00262E23 /* CategoryHome.swift in Sources */ = {isa = PBXBuildFile; fileRef = 362AC2BA2A0CEC8E00262E23 /* CategoryHome.swift */; };
		362AC2BE2A0CEC8E00262E23 /* CategoryRow.swift in Sources */ = {isa = PBXBuildFile; fileRef = 362AC2BB2A0CEC8E00262E23 /* CategoryRow.swift */; };
		362AC2C42A0CECA700262E23 /* FeatureCard.swift in Sources */ = {isa = PBXBuildFile; fileRef = 362AC2C02A0CECA700262E23 /* FeatureCard.swift */; };
		362AC2C52A0CECA700262E23 /* PageControl.swift in Sources */ = {isa = PBXBuildFile; fileRef = 362AC2C12A0CECA700262E23 /* PageControl.swift */; };
		362AC2C62A0CECA700262E23 /* PageViewController.swift in Sources */ = {isa = PBXBuildFile; fileRef = 362AC2C22A0CECA700262E23 /* PageViewController.swift */; };
		362AC2C72A0CECA700262E23 /* PageView.swift in Sources */ = {isa = PBXBuildFile; fileRef = 362AC2C32A0CECA700262E23 /* PageView.swift */; };
		362AC2CC2A0CECC400262E23 /* ProfileSummary.swift in Sources */ = {isa = PBXBuildFile; fileRef = 362AC2C92A0CECC400262E23 /* ProfileSummary.swift */; };
		362AC2CD2A0CECC400262E23 /* ProfileEditor.swift in Sources */ = {isa = PBXBuildFile; fileRef = 362AC2CA2A0CECC400262E23 /* ProfileEditor.swift */; };
		362AC2CE2A0CECC400262E23 /* ProfileHost.swift in Sources */ = {isa = PBXBuildFile; fileRef = 362AC2CB2A0CECC400262E23 /* ProfileHost.swift */; };
		362AC2D02A0CEDB300262E23 /* Profile.swift in Sources */ = {isa = PBXBuildFile; fileRef = 362AC2CF2A0CEDB300262E23 /* Profile.swift */; };
		362AC2D22A0CEE2000262E23 /* HikeBadge.swift in Sources */ = {isa = PBXBuildFile; fileRef = 362AC2D12A0CEE2000262E23 /* HikeBadge.swift */; };
		367899BE29C2AFE300155269 /* LandmarksApp.swift in Sources */ = {isa = PBXBuildFile; fileRef = 367899BD29C2AFE300155269 /* LandmarksApp.swift */; };
		367899C029C2AFE300155269 /* ContentView.swift in Sources */ = {isa = PBXBuildFile; fileRef = 367899BF29C2AFE300155269 /* ContentView.swift */; };
		367899C229C2AFE400155269 /* Assets.xcassets in Resources */ = {isa = PBXBuildFile; fileRef = 367899C129C2AFE400155269 /* Assets.xcassets */; };
		367899C529C2AFE400155269 /* Preview Assets.xcassets in Resources */ = {isa = PBXBuildFile; fileRef = 367899C429C2AFE400155269 /* Preview Assets.xcassets */; };
		367899CC29C2B42600155269 /* CircleImage.swift in Sources */ = {isa = PBXBuildFile; fileRef = 367899CB29C2B42600155269 /* CircleImage.swift */; };
		367899CE29C2B56300155269 /* MapView.swift in Sources */ = {isa = PBXBuildFile; fileRef = 367899CD29C2B56300155269 /* MapView.swift */; };
		36878AD029CB214C007F6DE5 /* landmarkData.json in Resources */ = {isa = PBXBuildFile; fileRef = 36878ACF29CB214C007F6DE5 /* landmarkData.json */; };
		36878AD229CB2182007F6DE5 /* Landmark.swift in Sources */ = {isa = PBXBuildFile; fileRef = 36878AD129CB2182007F6DE5 /* Landmark.swift */; };
		36878AD429CB2530007F6DE5 /* ModelData.swift in Sources */ = {isa = PBXBuildFile; fileRef = 36878AD329CB2530007F6DE5 /* ModelData.swift */; };
		36878ADB29CB2793007F6DE5 /* LandmarkRow.swift in Sources */ = {isa = PBXBuildFile; fileRef = 36878ADA29CB2793007F6DE5 /* LandmarkRow.swift */; };
		36878ADD29CB29BE007F6DE5 /* LandmarkList.swift in Sources */ = {isa = PBXBuildFile; fileRef = 36878ADC29CB29BE007F6DE5 /* LandmarkList.swift */; };
		36878ADF29CB2D11007F6DE5 /* LandmarkDetail.swift in Sources */ = {isa = PBXBuildFile; fileRef = 36878ADE29CB2D11007F6DE5 /* LandmarkDetail.swift */; };
		36F51E2F2A092FBC00381402 /* HexagonParameters.swift in Sources */ = {isa = PBXBuildFile; fileRef = 36F51E2E2A092FBC00381402 /* HexagonParameters.swift */; };
		36F51E312A092FF700381402 /* BadgeBackground.swift in Sources */ = {isa = PBXBuildFile; fileRef = 36F51E302A092FF700381402 /* BadgeBackground.swift */; };
		36F51E332A09323000381402 /* BadgeSymbol.swift in Sources */ = {isa = PBXBuildFile; fileRef = 36F51E322A09323000381402 /* BadgeSymbol.swift */; };
		36F51E352A09329500381402 /* RotatedBadgeSymbol.swift in Sources */ = {isa = PBXBuildFile; fileRef = 36F51E342A09329500381402 /* RotatedBadgeSymbol.swift */; };
		36F51E372A0932AE00381402 /* Badge.swift in Sources */ = {isa = PBXBuildFile; fileRef = 36F51E362A0932AE00381402 /* Badge.swift */; };
		36F51E3A2A09446400381402 /* hikeData.json in Resources */ = {isa = PBXBuildFile; fileRef = 36F51E392A09446400381402 /* hikeData.json */; };
		36F51E3C2A09449800381402 /* Hike.swift in Sources */ = {isa = PBXBuildFile; fileRef = 36F51E3B2A09449800381402 /* Hike.swift */; };
		36F51E422A0944C600381402 /* GraphCapsule.swift in Sources */ = {isa = PBXBuildFile; fileRef = 36F51E3E2A0944C600381402 /* GraphCapsule.swift */; };
		36F51E432A0944C600381402 /* HikeGraph.swift in Sources */ = {isa = PBXBuildFile; fileRef = 36F51E3F2A0944C600381402 /* HikeGraph.swift */; };
		36F51E442A0944C600381402 /* HikeDetail.swift in Sources */ = {isa = PBXBuildFile; fileRef = 36F51E402A0944C600381402 /* HikeDetail.swift */; };
		36F51E452A0944C600381402 /* HikeView.swift in Sources */ = {isa = PBXBuildFile; fileRef = 36F51E412A0944C600381402 /* HikeView.swift */; };
		36FB763129D416B10070ED30 /* FavoriteButton.swift in Sources */ = {isa = PBXBuildFile; fileRef = 36FB763029D416B10070ED30 /* FavoriteButton.swift */; };
/* End PBXBuildFile section */

/* Begin PBXFileReference section */
		362AC2B92A0CEC8E00262E23 /* CategoryItem.swift */ = {isa = PBXFileReference; fileEncoding = 4; lastKnownFileType = sourcecode.swift; path = CategoryItem.swift; sourceTree = "<group>"; };
		362AC2BA2A0CEC8E00262E23 /* CategoryHome.swift */ = {isa = PBXFileReference; fileEncoding = 4; lastKnownFileType = sourcecode.swift; path = CategoryHome.swift; sourceTree = "<group>"; };
		362AC2BB2A0CEC8E00262E23 /* CategoryRow.swift */ = {isa = PBXFileReference; fileEncoding = 4; lastKnownFileType = sourcecode.swift; path = CategoryRow.swift; sourceTree = "<group>"; };
		362AC2C02A0CECA700262E23 /* FeatureCard.swift */ = {isa = PBXFileReference; fileEncoding = 4; lastKnownFileType = sourcecode.swift; path = FeatureCard.swift; sourceTree = "<group>"; };
		362AC2C12A0CECA700262E23 /* PageControl.swift */ = {isa = PBXFileReference; fileEncoding = 4; lastKnownFileType = sourcecode.swift; path = PageControl.swift; sourceTree = "<group>"; };
		362AC2C22A0CECA700262E23 /* PageViewController.swift */ = {isa = PBXFileReference; fileEncoding = 4; lastKnownFileType = sourcecode.swift; path = PageViewController.swift; sourceTree = "<group>"; };
		362AC2C32A0CECA700262E23 /* PageView.swift */ = {isa = PBXFileReference; fileEncoding = 4; lastKnownFileType = sourcecode.swift; path = PageView.swift; sourceTree = "<group>"; };
		362AC2C92A0CECC400262E23 /* ProfileSummary.swift */ = {isa = PBXFileReference; fileEncoding = 4; lastKnownFileType = sourcecode.swift; path = ProfileSummary.swift; sourceTree = "<group>"; };
		362AC2CA2A0CECC400262E23 /* ProfileEditor.swift */ = {isa = PBXFileReference; fileEncoding = 4; lastKnownFileType = sourcecode.swift; path = ProfileEditor.swift; sourceTree = "<group>"; };
		362AC2CB2A0CECC400262E23 /* ProfileHost.swift */ = {isa = PBXFileReference; fileEncoding = 4; lastKnownFileType = sourcecode.swift; path = ProfileHost.swift; sourceTree = "<group>"; };
		362AC2CF2A0CEDB300262E23 /* Profile.swift */ = {isa = PBXFileReference; fileEncoding = 4; lastKnownFileType = sourcecode.swift; path = Profile.swift; sourceTree = "<group>"; };
		362AC2D12A0CEE2000262E23 /* HikeBadge.swift */ = {isa = PBXFileReference; fileEncoding = 4; lastKnownFileType = sourcecode.swift; path = HikeBadge.swift; sourceTree = "<group>"; };
		367899BA29C2AFE300155269 /* Landmarks.app */ = {isa = PBXFileReference; explicitFileType = wrapper.application; includeInIndex = 0; path = Landmarks.app; sourceTree = BUILT_PRODUCTS_DIR; };
		367899BD29C2AFE300155269 /* LandmarksApp.swift */ = {isa = PBXFileReference; lastKnownFileType = sourcecode.swift; path = LandmarksApp.swift; sourceTree = "<group>"; };
		367899BF29C2AFE300155269 /* ContentView.swift */ = {isa = PBXFileReference; lastKnownFileType = sourcecode.swift; path = ContentView.swift; sourceTree = "<group>"; };
		367899C129C2AFE400155269 /* Assets.xcassets */ = {isa = PBXFileReference; lastKnownFileType = folder.assetcatalog; path = Assets.xcassets; sourceTree = "<group>"; };
		367899C429C2AFE400155269 /* Preview Assets.xcassets */ = {isa = PBXFileReference; lastKnownFileType = folder.assetcatalog; path = "Preview Assets.xcassets"; sourceTree = "<group>"; };
		367899CB29C2B42600155269 /* CircleImage.swift */ = {isa = PBXFileReference; lastKnownFileType = sourcecode.swift; path = CircleImage.swift; sourceTree = "<group>"; };
		367899CD29C2B56300155269 /* MapView.swift */ = {isa = PBXFileReference; lastKnownFileType = sourcecode.swift; path = MapView.swift; sourceTree = "<group>"; };
		36878ACF29CB214C007F6DE5 /* landmarkData.json */ = {isa = PBXFileReference; fileEncoding = 4; lastKnownFileType = text.json; path = landmarkData.json; sourceTree = "<group>"; };
		36878AD129CB2182007F6DE5 /* Landmark.swift */ = {isa = PBXFileReference; lastKnownFileType = sourcecode.swift; path = Landmark.swift; sourceTree = "<group>"; };
		36878AD329CB2530007F6DE5 /* ModelData.swift */ = {isa = PBXFileReference; lastKnownFileType = sourcecode.swift; path = ModelData.swift; sourceTree = "<group>"; };
		36878ADA29CB2793007F6DE5 /* LandmarkRow.swift */ = {isa = PBXFileReference; lastKnownFileType = sourcecode.swift; path = LandmarkRow.swift; sourceTree = "<group>"; };
		36878ADC29CB29BE007F6DE5 /* LandmarkList.swift */ = {isa = PBXFileReference; lastKnownFileType = sourcecode.swift; path = LandmarkList.swift; sourceTree = "<group>"; };
		36878ADE29CB2D11007F6DE5 /* LandmarkDetail.swift */ = {isa = PBXFileReference; lastKnownFileType = sourcecode.swift; path = LandmarkDetail.swift; sourceTree = "<group>"; };
		36F51E2E2A092FBC00381402 /* HexagonParameters.swift */ = {isa = PBXFileReference; lastKnownFileType = sourcecode.swift; path = HexagonParameters.swift; sourceTree = "<group>"; };
		36F51E302A092FF700381402 /* BadgeBackground.swift */ = {isa = PBXFileReference; lastKnownFileType = sourcecode.swift; path = BadgeBackground.swift; sourceTree = "<group>"; };
		36F51E322A09323000381402 /* BadgeSymbol.swift */ = {isa = PBXFileReference; lastKnownFileType = sourcecode.swift; path = BadgeSymbol.swift; sourceTree = "<group>"; };
		36F51E342A09329500381402 /* RotatedBadgeSymbol.swift */ = {isa = PBXFileReference; lastKnownFileType = sourcecode.swift; path = RotatedBadgeSymbol.swift; sourceTree = "<group>"; };
		36F51E362A0932AE00381402 /* Badge.swift */ = {isa = PBXFileReference; lastKnownFileType = sourcecode.swift; path = Badge.swift; sourceTree = "<group>"; };
		36F51E392A09446400381402 /* hikeData.json */ = {isa = PBXFileReference; fileEncoding = 4; lastKnownFileType = text.json; path = hikeData.json; sourceTree = "<group>"; };
		36F51E3B2A09449800381402 /* Hike.swift */ = {isa = PBXFileReference; lastKnownFileType = sourcecode.swift; path = Hike.swift; sourceTree = "<group>"; };
		36F51E3E2A0944C600381402 /* GraphCapsule.swift */ = {isa = PBXFileReference; fileEncoding = 4; lastKnownFileType = sourcecode.swift; path = GraphCapsule.swift; sourceTree = "<group>"; };
		36F51E3F2A0944C600381402 /* HikeGraph.swift */ = {isa = PBXFileReference; fileEncoding = 4; lastKnownFileType = sourcecode.swift; path = HikeGraph.swift; sourceTree = "<group>"; };
		36F51E402A0944C600381402 /* HikeDetail.swift */ = {isa = PBXFileReference; fileEncoding = 4; lastKnownFileType = sourcecode.swift; path = HikeDetail.swift; sourceTree = "<group>"; };
		36F51E412A0944C600381402 /* HikeView.swift */ = {isa = PBXFileReference; fileEncoding = 4; lastKnownFileType = sourcecode.swift; path = HikeView.swift; sourceTree = "<group>"; };
		36FB763029D416B10070ED30 /* FavoriteButton.swift */ = {isa = PBXFileReference; lastKnownFileType = sourcecode.swift; path = FavoriteButton.swift; sourceTree = "<group>"; };
/* End PBXFileReference section */

/* Begin PBXFrameworksBuildPhase section */
		367899B729C2AFE300155269 /* Frameworks */ = {
			isa = PBXFrameworksBuildPhase;
			buildActionMask = 2147483647;
			files = (
			);
			runOnlyForDeploymentPostprocessing = 0;
		};
/* End PBXFrameworksBuildPhase section */

/* Begin PBXGroup section */
		362AC2B82A0CEC8E00262E23 /* Categories */ = {
			isa = PBXGroup;
			children = (
				362AC2B92A0CEC8E00262E23 /* CategoryItem.swift */,
				362AC2BA2A0CEC8E00262E23 /* CategoryHome.swift */,
				362AC2BB2A0CEC8E00262E23 /* CategoryRow.swift */,
			);
			path = Categories;
			sourceTree = "<group>";
		};
		362AC2BF2A0CECA700262E23 /* PageView */ = {
			isa = PBXGroup;
			children = (
				362AC2C02A0CECA700262E23 /* FeatureCard.swift */,
				362AC2C12A0CECA700262E23 /* PageControl.swift */,
				362AC2C22A0CECA700262E23 /* PageViewController.swift */,
				362AC2C32A0CECA700262E23 /* PageView.swift */,
			);
			path = PageView;
			sourceTree = "<group>";
		};
		362AC2C82A0CECC400262E23 /* Profiles */ = {
			isa = PBXGroup;
			children = (
				362AC2C92A0CECC400262E23 /* ProfileSummary.swift */,
				362AC2CA2A0CECC400262E23 /* ProfileEditor.swift */,
				362AC2CB2A0CECC400262E23 /* ProfileHost.swift */,
			);
			path = Profiles;
			sourceTree = "<group>";
		};
		367899B129C2AFE300155269 = {
			isa = PBXGroup;
			children = (
				367899BC29C2AFE300155269 /* Landmarks */,
				367899BB29C2AFE300155269 /* Products */,
			);
			sourceTree = "<group>";
		};
		367899BB29C2AFE300155269 /* Products */ = {
			isa = PBXGroup;
			children = (
				367899BA29C2AFE300155269 /* Landmarks.app */,
			);
			name = Products;
			sourceTree = "<group>";
		};
		367899BC29C2AFE300155269 /* Landmarks */ = {
			isa = PBXGroup;
			children = (
				367899BD29C2AFE300155269 /* LandmarksApp.swift */,
				36878AD529CB259E007F6DE5 /* Views */,
				36878AD629CB25A5007F6DE5 /* Model */,
				36878AD729CB25B7007F6DE5 /* Resources */,
				367899C129C2AFE400155269 /* Assets.xcassets */,
				367899C329C2AFE400155269 /* Preview Content */,
			);
			path = Landmarks;
			sourceTree = "<group>";
		};
		367899C329C2AFE400155269 /* Preview Content */ = {
			isa = PBXGroup;
			children = (
				367899C429C2AFE400155269 /* Preview Assets.xcassets */,
			);
			path = "Preview Content";
			sourceTree = "<group>";
		};
		36878AD529CB259E007F6DE5 /* Views */ = {
			isa = PBXGroup;
			children = (
				367899BF29C2AFE300155269 /* ContentView.swift */,
				362AC2B82A0CEC8E00262E23 /* Categories */,
				362AC2C82A0CECC400262E23 /* Profiles */,
				362AC2BF2A0CECA700262E23 /* PageView */,
				36F51E382A09330600381402 /* Badges */,
				36FB763329D4170B0070ED30 /* Helpers */,
				36F51E3D2A0944C600381402 /* Hikes */,
				36FB763229D417000070ED30 /* Landmarks */,
			);
			path = Views;
			sourceTree = "<group>";
		};
		36878AD629CB25A5007F6DE5 /* Model */ = {
			isa = PBXGroup;
			children = (
				36878AD129CB2182007F6DE5 /* Landmark.swift */,
				36878AD329CB2530007F6DE5 /* ModelData.swift */,
				36F51E3B2A09449800381402 /* Hike.swift */,
				362AC2CF2A0CEDB300262E23 /* Profile.swift */,
			);
			path = Model;
			sourceTree = "<group>";
		};
		36878AD729CB25B7007F6DE5 /* Resources */ = {
			isa = PBXGroup;
			children = (
				36F51E392A09446400381402 /* hikeData.json */,
				36878ACF29CB214C007F6DE5 /* landmarkData.json */,
			);
			path = Resources;
			sourceTree = "<group>";
		};
		36F51E382A09330600381402 /* Badges */ = {
			isa = PBXGroup;
			children = (
				362AC2D12A0CEE2000262E23 /* HikeBadge.swift */,
				36F51E362A0932AE00381402 /* Badge.swift */,
				36F51E2E2A092FBC00381402 /* HexagonParameters.swift */,
				36F51E302A092FF700381402 /* BadgeBackground.swift */,
				36F51E322A09323000381402 /* BadgeSymbol.swift */,
				36F51E342A09329500381402 /* RotatedBadgeSymbol.swift */,
			);
			path = Badges;
			sourceTree = "<group>";
		};
		36F51E3D2A0944C600381402 /* Hikes */ = {
			isa = PBXGroup;
			children = (
				36F51E3E2A0944C600381402 /* GraphCapsule.swift */,
				36F51E3F2A0944C600381402 /* HikeGraph.swift */,
				36F51E402A0944C600381402 /* HikeDetail.swift */,
				36F51E412A0944C600381402 /* HikeView.swift */,
			);
			path = Hikes;
			sourceTree = "<group>";
		};
		36FB763229D417000070ED30 /* Landmarks */ = {
			isa = PBXGroup;
			children = (
				36878ADA29CB2793007F6DE5 /* LandmarkRow.swift */,
				36878ADC29CB29BE007F6DE5 /* LandmarkList.swift */,
				36878ADE29CB2D11007F6DE5 /* LandmarkDetail.swift */,
			);
			path = Landmarks;
			sourceTree = "<group>";
		};
		36FB763329D4170B0070ED30 /* Helpers */ = {
			isa = PBXGroup;
			children = (
				367899CB29C2B42600155269 /* CircleImage.swift */,
				367899CD29C2B56300155269 /* MapView.swift */,
				36FB763029D416B10070ED30 /* FavoriteButton.swift */,
			);
			path = Helpers;
			sourceTree = "<group>";
		};
/* End PBXGroup section */

/* Begin PBXNativeTarget section */
		367899B929C2AFE300155269 /* Landmarks */ = {
			isa = PBXNativeTarget;
			buildConfigurationList = 367899C829C2AFE400155269 /* Build configuration list for PBXNativeTarget "Landmarks" */;
			buildPhases = (
				367899B629C2AFE300155269 /* Sources */,
				367899B729C2AFE300155269 /* Frameworks */,
				367899B829C2AFE300155269 /* Resources */,
			);
			buildRules = (
			);
			dependencies = (
			);
			name = Landmarks;
			productName = Landmarks;
			productReference = 367899BA29C2AFE300155269 /* Landmarks.app */;
			productType = "com.apple.product-type.application";
		};
/* End PBXNativeTarget section */

/* Begin PBXProject section */
		367899B229C2AFE300155269 /* Project object */ = {
			isa = PBXProject;
			attributes = {
				BuildIndependentTargetsInParallel = 1;
				LastSwiftUpdateCheck = 1420;
				LastUpgradeCheck = 1420;
				TargetAttributes = {
					367899B929C2AFE300155269 = {
						CreatedOnToolsVersion = 14.2;
					};
				};
			};
			buildConfigurationList = 367899B529C2AFE300155269 /* Build configuration list for PBXProject "Landmarks" */;
			compatibilityVersion = "Xcode 14.0";
			developmentRegion = en;
			hasScannedForEncodings = 0;
			knownRegions = (
				en,
				Base,
			);
			mainGroup = 367899B129C2AFE300155269;
			productRefGroup = 367899BB29C2AFE300155269 /* Products */;
			projectDirPath = "";
			projectRoot = "";
			targets = (
				367899B929C2AFE300155269 /* Landmarks */,
			);
		};
/* End PBXProject section */

/* Begin PBXResourcesBuildPhase section */
		367899B829C2AFE300155269 /* Resources */ = {
			isa = PBXResourcesBuildPhase;
			buildActionMask = 2147483647;
			files = (
				36F51E3A2A09446400381402 /* hikeData.json in Resources */,
				367899C529C2AFE400155269 /* Preview Assets.xcassets in Resources */,
				367899C229C2AFE400155269 /* Assets.xcassets in Resources */,
				36878AD029CB214C007F6DE5 /* landmarkData.json in Resources */,
			);
			runOnlyForDeploymentPostprocessing = 0;
		};
/* End PBXResourcesBuildPhase section */

/* Begin PBXSourcesBuildPhase section */
		367899B629C2AFE300155269 /* Sources */ = {
			isa = PBXSourcesBuildPhase;
			buildActionMask = 2147483647;
			files = (
				367899C029C2AFE300155269 /* ContentView.swift in Sources */,
				36F51E432A0944C600381402 /* HikeGraph.swift in Sources */,
				362AC2CC2A0CECC400262E23 /* ProfileSummary.swift in Sources */,
				362AC2CE2A0CECC400262E23 /* ProfileHost.swift in Sources */,
				36F51E372A0932AE00381402 /* Badge.swift in Sources */,
				367899CE29C2B56300155269 /* MapView.swift in Sources */,
				362AC2BD2A0CEC8E00262E23 /* CategoryHome.swift in Sources */,
				36F51E422A0944C600381402 /* GraphCapsule.swift in Sources */,
				362AC2BE2A0CEC8E00262E23 /* CategoryRow.swift in Sources */,
				362AC2D02A0CEDB300262E23 /* Profile.swift in Sources */,
				362AC2C72A0CECA700262E23 /* PageView.swift in Sources */,
				367899BE29C2AFE300155269 /* LandmarksApp.swift in Sources */,
				36FB763129D416B10070ED30 /* FavoriteButton.swift in Sources */,
				36F51E442A0944C600381402 /* HikeDetail.swift in Sources */,
				362AC2C42A0CECA700262E23 /* FeatureCard.swift in Sources */,
				362AC2CD2A0CECC400262E23 /* ProfileEditor.swift in Sources */,
				36F51E2F2A092FBC00381402 /* HexagonParameters.swift in Sources */,
				36F51E3C2A09449800381402 /* Hike.swift in Sources */,
				362AC2BC2A0CEC8E00262E23 /* CategoryItem.swift in Sources */,
				36F51E352A09329500381402 /* RotatedBadgeSymbol.swift in Sources */,
				36F51E332A09323000381402 /* BadgeSymbol.swift in Sources */,
				36878ADD29CB29BE007F6DE5 /* LandmarkList.swift in Sources */,
				36F51E452A0944C600381402 /* HikeView.swift in Sources */,
				36878ADF29CB2D11007F6DE5 /* LandmarkDetail.swift in Sources */,
				36F51E312A092FF700381402 /* BadgeBackground.swift in Sources */,
				362AC2C52A0CECA700262E23 /* PageControl.swift in Sources */,
				367899CC29C2B42600155269 /* CircleImage.swift in Sources */,
				36878AD229CB2182007F6DE5 /* Landmark.swift in Sources */,
				362AC2C62A0CECA700262E23 /* PageViewController.swift in Sources */,
				36878ADB29CB2793007F6DE5 /* LandmarkRow.swift in Sources */,
				362AC2D22A0CEE2000262E23 /* HikeBadge.swift in Sources */,
				36878AD429CB2530007F6DE5 /* ModelData.swift in Sources */,
			);
			runOnlyForDeploymentPostprocessing = 0;
		};
/* End PBXSourcesBuildPhase section */

/* Begin XCBuildConfiguration section */
		367899C629C2AFE400155269 /* Debug */ = {
			isa = XCBuildConfiguration;
			buildSettings = {
				ALWAYS_SEARCH_USER_PATHS = NO;
				CLANG_ANALYZER_NONNULL = YES;
				CLANG_ANALYZER_NUMBER_OBJECT_CONVERSION = YES_AGGRESSIVE;
				CLANG_CXX_LANGUAGE_STANDARD = "gnu++20";
				CLANG_ENABLE_MODULES = YES;
				CLANG_ENABLE_OBJC_ARC = YES;
				CLANG_ENABLE_OBJC_WEAK = YES;
				CLANG_WARN_BLOCK_CAPTURE_AUTORELEASING = YES;
				CLANG_WARN_BOOL_CONVERSION = YES;
				CLANG_WARN_COMMA = YES;
				CLANG_WARN_CONSTANT_CONVERSION = YES;
				CLANG_WARN_DEPRECATED_OBJC_IMPLEMENTATIONS = YES;
				CLANG_WARN_DIRECT_OBJC_ISA_USAGE = YES_ERROR;
				CLANG_WARN_DOCUMENTATION_COMMENTS = YES;
				CLANG_WARN_EMPTY_BODY = YES;
				CLANG_WARN_ENUM_CONVERSION = YES;
				CLANG_WARN_INFINITE_RECURSION = YES;
				CLANG_WARN_INT_CONVERSION = YES;
				CLANG_WARN_NON_LITERAL_NULL_CONVERSION = YES;
				CLANG_WARN_OBJC_IMPLICIT_RETAIN_SELF = YES;
				CLANG_WARN_OBJC_LITERAL_CONVERSION = YES;
				CLANG_WARN_OBJC_ROOT_CLASS = YES_ERROR;
				CLANG_WARN_QUOTED_INCLUDE_IN_FRAMEWORK_HEADER = YES;
				CLANG_WARN_RANGE_LOOP_ANALYSIS = YES;
				CLANG_WARN_STRICT_PROTOTYPES = YES;
				CLANG_WARN_SUSPICIOUS_MOVE = YES;
				CLANG_WARN_UNGUARDED_AVAILABILITY = YES_AGGRESSIVE;
				CLANG_WARN_UNREACHABLE_CODE = YES;
				CLANG_WARN__DUPLICATE_METHOD_MATCH = YES;
				COPY_PHASE_STRIP = NO;
				DEBUG_INFORMATION_FORMAT = dwarf;
				ENABLE_STRICT_OBJC_MSGSEND = YES;
				ENABLE_TESTABILITY = YES;
				GCC_C_LANGUAGE_STANDARD = gnu11;
				GCC_DYNAMIC_NO_PIC = NO;
				GCC_NO_COMMON_BLOCKS = YES;
				GCC_OPTIMIZATION_LEVEL = 0;
				GCC_PREPROCESSOR_DEFINITIONS = (
					"DEBUG=1",
					"$(inherited)",
				);
				GCC_WARN_64_TO_32_BIT_CONVERSION = YES;
				GCC_WARN_ABOUT_RETURN_TYPE = YES_ERROR;
				GCC_WARN_UNDECLARED_SELECTOR = YES;
				GCC_WARN_UNINITIALIZED_AUTOS = YES_AGGRESSIVE;
				GCC_WARN_UNUSED_FUNCTION = YES;
				GCC_WARN_UNUSED_VARIABLE = YES;
				IPHONEOS_DEPLOYMENT_TARGET = 16.2;
				MTL_ENABLE_DEBUG_INFO = INCLUDE_SOURCE;
				MTL_FAST_MATH = YES;
				ONLY_ACTIVE_ARCH = YES;
				SDKROOT = iphoneos;
				SWIFT_ACTIVE_COMPILATION_CONDITIONS = DEBUG;
				SWIFT_OPTIMIZATION_LEVEL = "-Onone";
			};
			name = Debug;
		};
		367899C729C2AFE400155269 /* Release */ = {
			isa = XCBuildConfiguration;
			buildSettings = {
				ALWAYS_SEARCH_USER_PATHS = NO;
				CLANG_ANALYZER_NONNULL = YES;
				CLANG_ANALYZER_NUMBER_OBJECT_CONVERSION = YES_AGGRESSIVE;
				CLANG_CXX_LANGUAGE_STANDARD = "gnu++20";
				CLANG_ENABLE_MODULES = YES;
				CLANG_ENABLE_OBJC_ARC = YES;
				CLANG_ENABLE_OBJC_WEAK = YES;
				CLANG_WARN_BLOCK_CAPTURE_AUTORELEASING = YES;
				CLANG_WARN_BOOL_CONVERSION = YES;
				CLANG_WARN_COMMA = YES;
				CLANG_WARN_CONSTANT_CONVERSION = YES;
				CLANG_WARN_DEPRECATED_OBJC_IMPLEMENTATIONS = YES;
				CLANG_WARN_DIRECT_OBJC_ISA_USAGE = YES_ERROR;
				CLANG_WARN_DOCUMENTATION_COMMENTS = YES;
				CLANG_WARN_EMPTY_BODY = YES;
				CLANG_WARN_ENUM_CONVERSION = YES;
				CLANG_WARN_INFINITE_RECURSION = YES;
				CLANG_WARN_INT_CONVERSION = YES;
				CLANG_WARN_NON_LITERAL_NULL_CONVERSION = YES;
				CLANG_WARN_OBJC_IMPLICIT_RETAIN_SELF = YES;
				CLANG_WARN_OBJC_LITERAL_CONVERSION = YES;
				CLANG_WARN_OBJC_ROOT_CLASS = YES_ERROR;
				CLANG_WARN_QUOTED_INCLUDE_IN_FRAMEWORK_HEADER = YES;
				CLANG_WARN_RANGE_LOOP_ANALYSIS = YES;
				CLANG_WARN_STRICT_PROTOTYPES = YES;
				CLANG_WARN_SUSPICIOUS_MOVE = YES;
				CLANG_WARN_UNGUARDED_AVAILABILITY = YES_AGGRESSIVE;
				CLANG_WARN_UNREACHABLE_CODE = YES;
				CLANG_WARN__DUPLICATE_METHOD_MATCH = YES;
				COPY_PHASE_STRIP = NO;
				DEBUG_INFORMATION_FORMAT = "dwarf-with-dsym";
				ENABLE_NS_ASSERTIONS = NO;
				ENABLE_STRICT_OBJC_MSGSEND = YES;
				GCC_C_LANGUAGE_STANDARD = gnu11;
				GCC_NO_COMMON_BLOCKS = YES;
				GCC_WARN_64_TO_32_BIT_CONVERSION = YES;
				GCC_WARN_ABOUT_RETURN_TYPE = YES_ERROR;
				GCC_WARN_UNDECLARED_SELECTOR = YES;
				GCC_WARN_UNINITIALIZED_AUTOS = YES_AGGRESSIVE;
				GCC_WARN_UNUSED_FUNCTION = YES;
				GCC_WARN_UNUSED_VARIABLE = YES;
				IPHONEOS_DEPLOYMENT_TARGET = 16.2;
				MTL_ENABLE_DEBUG_INFO = NO;
				MTL_FAST_MATH = YES;
				SDKROOT = iphoneos;
				SWIFT_COMPILATION_MODE = wholemodule;
				SWIFT_OPTIMIZATION_LEVEL = "-O";
				VALIDATE_PRODUCT = YES;
			};
			name = Release;
		};
		367899C929C2AFE400155269 /* Debug */ = {
			isa = XCBuildConfiguration;
			buildSettings = {
				ASSETCATALOG_COMPILER_APPICON_NAME = AppIcon;
				ASSETCATALOG_COMPILER_GLOBAL_ACCENT_COLOR_NAME = AccentColor;
				CODE_SIGN_STYLE = Automatic;
				CURRENT_PROJECT_VERSION = 1;
				DEVELOPMENT_ASSET_PATHS = "\"Landmarks/Preview Content\"";
				DEVELOPMENT_TEAM = 8D8H8KC6DH;
				ENABLE_PREVIEWS = YES;
				GENERATE_INFOPLIST_FILE = YES;
				INFOPLIST_KEY_UIApplicationSceneManifest_Generation = YES;
				INFOPLIST_KEY_UIApplicationSupportsIndirectInputEvents = YES;
				INFOPLIST_KEY_UILaunchScreen_Generation = YES;
				INFOPLIST_KEY_UISupportedInterfaceOrientations_iPad = "UIInterfaceOrientationPortrait UIInterfaceOrientationPortraitUpsideDown UIInterfaceOrientationLandscapeLeft UIInterfaceOrientationLandscapeRight";
				INFOPLIST_KEY_UISupportedInterfaceOrientations_iPhone = "UIInterfaceOrientationPortrait UIInterfaceOrientationLandscapeLeft UIInterfaceOrientationLandscapeRight";
				LD_RUNPATH_SEARCH_PATHS = (
					"$(inherited)",
					"@executable_path/Frameworks",
				);
				MARKETING_VERSION = 1.0;
				PRODUCT_BUNDLE_IDENTIFIER = LJH.Landmarks;
				PRODUCT_NAME = "$(TARGET_NAME)";
				SWIFT_EMIT_LOC_STRINGS = YES;
				SWIFT_VERSION = 5.0;
				TARGETED_DEVICE_FAMILY = "1,2";
			};
			name = Debug;
		};
		367899CA29C2AFE400155269 /* Release */ = {
			isa = XCBuildConfiguration;
			buildSettings = {
				ASSETCATALOG_COMPILER_APPICON_NAME = AppIcon;
				ASSETCATALOG_COMPILER_GLOBAL_ACCENT_COLOR_NAME = AccentColor;
				CODE_SIGN_STYLE = Automatic;
				CURRENT_PROJECT_VERSION = 1;
				DEVELOPMENT_ASSET_PATHS = "\"Landmarks/Preview Content\"";
				DEVELOPMENT_TEAM = 8D8H8KC6DH;
				ENABLE_PREVIEWS = YES;
				GENERATE_INFOPLIST_FILE = YES;
				INFOPLIST_KEY_UIApplicationSceneManifest_Generation = YES;
				INFOPLIST_KEY_UIApplicationSupportsIndirectInputEvents = YES;
				INFOPLIST_KEY_UILaunchScreen_Generation = YES;
				INFOPLIST_KEY_UISupportedInterfaceOrientations_iPad = "UIInterfaceOrientationPortrait UIInterfaceOrientationPortraitUpsideDown UIInterfaceOrientationLandscapeLeft UIInterfaceOrientationLandscapeRight";
				INFOPLIST_KEY_UISupportedInterfaceOrientations_iPhone = "UIInterfaceOrientationPortrait UIInterfaceOrientationLandscapeLeft UIInterfaceOrientationLandscapeRight";
				LD_RUNPATH_SEARCH_PATHS = (
					"$(inherited)",
					"@executable_path/Frameworks",
				);
				MARKETING_VERSION = 1.0;
				PRODUCT_BUNDLE_IDENTIFIER = LJH.Landmarks;
				PRODUCT_NAME = "$(TARGET_NAME)";
				SWIFT_EMIT_LOC_STRINGS = YES;
				SWIFT_VERSION = 5.0;
				TARGETED_DEVICE_FAMILY = "1,2";
			};
			name = Release;
		};
/* End XCBuildConfiguration section */

/* Begin XCConfigurationList section */
		367899B529C2AFE300155269 /* Build configuration list for PBXProject "Landmarks" */ = {
			isa = XCConfigurationList;
			buildConfigurations = (
				367899C629C2AFE400155269 /* Debug */,
				367899C729C2AFE400155269 /* Release */,
			);
			defaultConfigurationIsVisible = 0;
			defaultConfigurationName = Release;
		};
		367899C829C2AFE400155269 /* Build configuration list for PBXNativeTarget "Landmarks" */ = {
			isa = XCConfigurationList;
			buildConfigurations = (
				367899C929C2AFE400155269 /* Debug */,
				367899CA29C2AFE400155269 /* Release */,
			);
			defaultConfigurationIsVisible = 0;
			defaultConfigurationName = Release;
		};
/* End XCConfigurationList section */
	};
	rootObject = 367899B229C2AFE300155269 /* Project object */;
}
